
Microsoft Visual Studio Solution File, Format Version 12.00
# Visual Studio Version 17
VisualStudioVersion = 17.2.32616.157
MinimumVisualStudioVersion = 10.0.40219.1
Project("{9A19103F-16F7-4668-BE54-9A1E7A4F7556}") = "CryptoWatcherLib", "CryptoWatcherLogic\CryptoWatcherLib.csproj", "{92453400-7335-440F-972B-1C19787E5C3D}"
EndProject
Project("{9A19103F-16F7-4668-BE54-9A1E7A4F7556}") = "CryptoWatcherConsole", "CryptoWatcherConsole\CryptoWatcherConsole.csproj", "{8464A606-1F57-4430-880D-9B3415F879DA}"
EndProject
Project("{9A19103F-16F7-4668-BE54-9A1E7A4F7556}") = "CryptoWatcherWPF", "CryptoWatcherWPF\CryptoWatcherWPF.csproj", "{E6E66C16-00B1-4A6D-8B64-9DB3352A50B6}"
EndProject
Global
	GlobalSection(SolutionConfigurationPlatforms) = preSolution
		Debug|Any CPU = Debug|Any CPU
		Release|Any CPU = Release|Any CPU
	EndGlobalSection
	GlobalSection(ProjectConfigurationPlatforms) = postSolution
		{92453400-7335-440F-972B-1C19787E5C3D}.Debug|Any CPU.ActiveCfg = Debug|Any CPU
		{92453400-7335-440F-972B-1C19787E5C3D}.Debug|Any CPU.Build.0 = Debug|Any CPU
		{92453400-7335-440F-972B-1C19787E5C3D}.Release|Any CPU.ActiveCfg = Release|Any CPU
		{92453400-7335-440F-972B-1C19787E5C3D}.Release|Any CPU.Build.0 = Release|Any CPU
		{8464A606-1F57-4430-880D-9B3415F879DA}.Debug|Any CPU.ActiveCfg = Debug|Any CPU
		{8464A606-1F57-4430-880D-9B3415F879DA}.Debug|Any CPU.Build.0 = Debug|Any CPU
		{8464A606-1F57-4430-880D-9B3415F879DA}.Release|Any CPU.ActiveCfg = Release|Any CPU
		{8464A606-1F57-4430-880D-9B3415F879DA}.Release|Any CPU.Build.0 = Release|Any CPU
		{E6E66C16-00B1-4A6D-8B64-9DB3352A50B6}.Debug|Any CPU.ActiveCfg = Debug|Any CPU
		{E6E66C16-00B1-4A6D-8B64-9DB3352A50B6}.Debug|Any CPU.Build.0 = Debug|Any CPU
		{E6E66C16-00B1-4A6D-8B64-9DB3352A50B6}.Release|Any CPU.ActiveCfg = Release|Any CPU
		{E6E66C16-00B1-4A6D-8B64-9DB3352A50B6}.Release|Any CPU.Build.0 = Release|Any CPU
	EndGlobalSection
	GlobalSection(SolutionProperties) = preSolution
		HideSolutionNode = FALSE
	EndGlobalSection
	GlobalSection(ExtensibilityGlobals) = postSolution
		SolutionGuid = {16A72B59-2318-4618-8954-3FB5CD8858B8}
	EndGlobalSection
EndGlobal
